<?xml version="1.0" encoding="utf-8"?>
<Project ToolsVersion="4.0" xmlns="http://schemas.microsoft.com/developer/msbuild/2003">
  <ItemGroup>
    <ClCompile Include="src\pch.cpp" />
    <ClCompile Include="src\main.cpp" />
    <ClCompile Include="src\game.cpp" />
    <ClCompile Include="src\game_window.cpp" />
    <ClCompile Include="src\world.cpp" />
    <ClCompile Include="src\renderer\renderer.cpp" />
    <ClCompile Include="src\utils\transform.cpp" />
    <ClCompile Include="src\renderer\model.cpp" />
    <ClCompile Include="src\input\input_mapper.cpp" />
  </ItemGroup>
  <ItemGroup>
    <ClInclude Include="src\pch.h" />
    <ClInclude Include="src\cube.h" />
    <ClInclude Include="src\game.h" />
    <ClInclude Include="src\game_window.h" />
    <ClInclude Include="src\constants.h" />
    <ClInclude Include="src\world.h" />
    <ClInclude Include="src\systems\system.h" />
    <ClInclude Include="src\components\component.h" />
    <ClInclude Include="src\renderer\renderer.h" />
    <ClInclude Include="src\entities\entity.h" />
    <ClInclude Include="src\components\transform.h" />
    <ClInclude Include="src\renderer\camera.h" />
    <ClInclude Include="src\renderer\transform_proxy.h" />
    <ClInclude Include="src\utils\transform.h" />
    <ClInclude Include="src\renderer\model.h" />
    <ClInclude Include="src\renderer\vertex_types.h" />
    <ClInclude Include="src\input\input_mapper.h" />
    <ClInclude Include="src\input\input_context.h" />
    <ClInclude Include="src\input\input_constants.h" />
    <ClInclude Include="src\data\temp_model_data.h" />
  </ItemGroup>
  <ItemGroup>
    <Natvis Include="lib\gsl\GSL.natvis" />
  </ItemGroup>
  <ItemGroup>
    <FxCompile Include="src\VertexShader.hlsl" />
    <FxCompile Include="src\PixelShader.hlsl" />
  </ItemGroup>
</Project>